// !$*UTF8*$!
{
	archiveVersion = 1;
	classes = {
	};
	objectVersion = 50;
	objects = {

/* Begin PBXBuildFile section */
		3D22CABA2554D81B00F60912 /* AppDelegate.swift in Sources */ = {isa = PBXBuildFile; fileRef = 3D22CAB92554D81B00F60912 /* AppDelegate.swift */; };
		3D22CABC2554D81B00F60912 /* ViewController.swift in Sources */ = {isa = PBXBuildFile; fileRef = 3D22CABB2554D81B00F60912 /* ViewController.swift */; };
		3D22CABF2554D81B00F60912 /* Main.storyboard in Resources */ = {isa = PBXBuildFile; fileRef = 3D22CABD2554D81B00F60912 /* Main.storyboard */; };
		3D22CAC12554D81C00F60912 /* Assets.xcassets in Resources */ = {isa = PBXBuildFile; fileRef = 3D22CAC02554D81C00F60912 /* Assets.xcassets */; };
		3D22CAC42554D81C00F60912 /* LaunchScreen.storyboard in Resources */ = {isa = PBXBuildFile; fileRef = 3D22CAC22554D81C00F60912 /* LaunchScreen.storyboard */; };
		3D22CAD12554EC5400F60912 /* Restaurante.swift in Sources */ = {isa = PBXBuildFile; fileRef = 3D22CAD02554EC5400F60912 /* Restaurante.swift */; };
		3D22CAD32554F3A200F60912 /* RestauranteTableViewCell.swift in Sources */ = {isa = PBXBuildFile; fileRef = 3D22CAD22554F3A200F60912 /* RestauranteTableViewCell.swift */; };
/* End PBXBuildFile section */

/* Begin PBXFileReference section */
		3D22CAB62554D81B00F60912 /* LayoutTableview.app */ = {isa = PBXFileReference; explicitFileType = wrapper.application; includeInIndex = 0; path = LayoutTableview.app; sourceTree = BUILT_PRODUCTS_DIR; };
		3D22CAB92554D81B00F60912 /* AppDelegate.swift */ = {isa = PBXFileReference; lastKnownFileType = sourcecode.swift; path = AppDelegate.swift; sourceTree = "<group>"; };
		3D22CABB2554D81B00F60912 /* ViewController.swift */ = {isa = PBXFileReference; lastKnownFileType = sourcecode.swift; path = ViewController.swift; sourceTree = "<group>"; };
		3D22CABE2554D81B00F60912 /* Base */ = {isa = PBXFileReference; lastKnownFileType = file.storyboard; name = Base; path = Base.lproj/Main.storyboard; sourceTree = "<group>"; };
		3D22CAC02554D81C00F60912 /* Assets.xcassets */ = {isa = PBXFileReference; lastKnownFileType = folder.assetcatalog; path = Assets.xcassets; sourceTree = "<group>"; };
		3D22CAC32554D81C00F60912 /* Base */ = {isa = PBXFileReference; lastKnownFileType = file.storyboard; name = Base; path = Base.lproj/LaunchScreen.storyboard; sourceTree = "<group>"; };
		3D22CAC52554D81C00F60912 /* Info.plist */ = {isa = PBXFileReference; lastKnownFileType = text.plist.xml; path = Info.plist; sourceTree = "<group>"; };
		3D22CAD02554EC5400F60912 /* Restaurante.swift */ = {isa = PBXFileReference; lastKnownFileType = sourcecode.swift; path = Restaurante.swift; sourceTree = "<group>"; };
		3D22CAD22554F3A200F60912 /* RestauranteTableViewCell.swift */ = {isa = PBXFileReference; lastKnownFileType = sourcecode.swift; path = RestauranteTableViewCell.swift; sourceTree = "<group>"; };
/* End PBXFileReference section */

/* Begin PBXFrameworksBuildPhase section */
		3D22CAB32554D81B00F60912 /* Frameworks */ = {
			isa = PBXFrameworksBuildPhase;
			buildActionMask = 2147483647;
			files = (
			);
			runOnlyForDeploymentPostprocessing = 0;
		};
/* End PBXFrameworksBuildPhase section */

/* Begin PBXGroup section */
		3D22CAAD2554D81B00F60912 = {
			isa = PBXGroup;
			children = (
				3D22CAB82554D81B00F60912 /* LayoutTableview */,
				3D22CAB72554D81B00F60912 /* Products */,
			);
			sourceTree = "<group>";
		};
		3D22CAB72554D81B00F60912 /* Products */ = {
			isa = PBXGroup;
			children = (
				3D22CAB62554D81B00F60912 /* LayoutTableview.app */,
			);
			name = Products;
			sourceTree = "<group>";
		};
		3D22CAB82554D81B00F60912 /* LayoutTableview */ = {
			isa = PBXGroup;
			children = (
				3D22CACF2554EBF000F60912 /* Config */,
				3D22CACE2554EBD500F60912 /* Resources */,
				3D22CACD2554EBC900F60912 /* Storyboards */,
				3D22CACC2554EBB600F60912 /* Models */,
				3D22CACB2554EB9E00F60912 /* Controllers */,
			);
			path = LayoutTableview;
			sourceTree = "<group>";
		};
		3D22CACB2554EB9E00F60912 /* Controllers */ = {
			isa = PBXGroup;
			children = (
				3D22CABB2554D81B00F60912 /* ViewController.swift */,
				3D22CAD22554F3A200F60912 /* RestauranteTableViewCell.swift */,
			);
			name = Controllers;
			sourceTree = "<group>";
		};
		3D22CACC2554EBB600F60912 /* Models */ = {
			isa = PBXGroup;
			children = (
				3D22CAD02554EC5400F60912 /* Restaurante.swift */,
			);
			path = Models;
			sourceTree = "<group>";
		};
		3D22CACD2554EBC900F60912 /* Storyboards */ = {
			isa = PBXGroup;
			children = (
				3D22CAC22554D81C00F60912 /* LaunchScreen.storyboard */,
				3D22CABD2554D81B00F60912 /* Main.storyboard */,
			);
			name = Storyboards;
			sourceTree = "<group>";
		};
		3D22CACE2554EBD500F60912 /* Resources */ = {
			isa = PBXGroup;
			children = (
				3D22CAC02554D81C00F60912 /* Assets.xcassets */,
			);
			path = Resources;
			sourceTree = "<group>";
		};
		3D22CACF2554EBF000F60912 /* Config */ = {
			isa = PBXGroup;
			children = (
				3D22CAB92554D81B00F60912 /* AppDelegate.swift */,
				3D22CAC52554D81C00F60912 /* Info.plist */,
			);
			name = Config;
			sourceTree = "<group>";
		};
/* End PBXGroup section */

/* Begin PBXNativeTarget section */
		3D22CAB52554D81B00F60912 /* LayoutTableview */ = {
			isa = PBXNativeTarget;
			buildConfigurationList = 3D22CAC82554D81C00F60912 /* Build configuration list for PBXNativeTarget "LayoutTableview" */;
			buildPhases = (
				3D22CAB22554D81B00F60912 /* Sources */,
				3D22CAB32554D81B00F60912 /* Frameworks */,
				3D22CAB42554D81B00F60912 /* Resources */,
			);
			buildRules = (
			);
			dependencies = (
			);
			name = LayoutTableview;
			productName = LayoutTableview;
			productReference = 3D22CAB62554D81B00F60912 /* LayoutTableview.app */;
			productType = "com.apple.product-type.application";
		};
/* End PBXNativeTarget section */

/* Begin PBXProject section */
		3D22CAAE2554D81B00F60912 /* Project object */ = {
			isa = PBXProject;
			attributes = {
				LastSwiftUpdateCheck = 0940;
				LastUpgradeCheck = 0940;
				ORGANIZATIONNAME = alumno;
				TargetAttributes = {
					3D22CAB52554D81B00F60912 = {
						CreatedOnToolsVersion = 9.4.1;
					};
				};
			};
			buildConfigurationList = 3D22CAB12554D81B00F60912 /* Build configuration list for PBXProject "LayoutTableview" */;
			compatibilityVersion = "Xcode 9.3";
			developmentRegion = en;
			hasScannedForEncodings = 0;
			knownRegions = (
				en,
				Base,
			);
			mainGroup = 3D22CAAD2554D81B00F60912;
			productRefGroup = 3D22CAB72554D81B00F60912 /* Products */;
			projectDirPath = "";
			projectRoot = "";
			targets = (
				3D22CAB52554D81B00F60912 /* LayoutTableview */,
			);
		};
/* End PBXProject section */

/* Begin PBXResourcesBuildPhase section */
		3D22CAB42554D81B00F60912 /* Resources */ = {
			isa = PBXResourcesBuildPhase;
			buildActionMask = 2147483647;
			files = (
				3D22CAC42554D81C00F60912 /* LaunchScreen.storyboard in Resources */,
				3D22CAC12554D81C00F60912 /* Assets.xcassets in Resources */,
				3D22CABF2554D81B00F60912 /* Main.storyboard in Resources */,
			);
			runOnlyForDeploymentPostprocessing = 0;
		};
/* End PBXResourcesBuildPhase section */

/* Begin PBXSourcesBuildPhase section */
		3D22CAB22554D81B00F60912 /* Sources */ = {
			isa = PBXSourcesBuildPhase;
			buildActionMask = 2147483647;
			files = (
				3D22CABC2554D81B00F60912 /* ViewController.swift in Sources */,
				3D22CABA2554D81B00F60912 /* AppDelegate.swift in Sources */,
				3D22CAD32554F3A200F60912 /* RestauranteTableViewCell.swift in Sources */,
				3D22CAD12554EC5400F60912 /* Restaurante.swift in Sources */,
			);
			runOnlyForDeploymentPostprocessing = 0;
		};
/* End PBXSourcesBuildPhase section */

/* Begin PBXVariantGroup section */
		3D22CABD2554D81B00F60912 /* Main.storyboard */ = {
			isa = PBXVariantGroup;
			children = (
				3D22CABE2554D81B00F60912 /* Base */,
			);
			name = Main.storyboard;
			sourceTree = "<group>";
		};
		3D22CAC22554D81C00F60912 /* LaunchScreen.storyboard */ = {
			isa = PBXVariantGroup;
			children = (
				3D22CAC32554D81C00F60912 /* Base */,
			);
			name = LaunchScreen.storyboard;
			sourceTree = "<group>";
		};
/* End PBXVariantGroup section */

/* Begin XCBuildConfiguration section */
		3D22CAC62554D81C00F60912 /* Debug */ = {
			isa = XCBuildConfiguration;
			buildSettings = {
				ALWAYS_SEARCH_USER_PATHS = NO;
				CLANG_ANALYZER_NONNULL = YES;
				CLANG_ANALYZER_NUMBER_OBJECT_CONVERSION = YES_AGGRESSIVE;
				CLANG_CXX_LANGUAGE_STANDARD = "gnu++14";
				CLANG_CXX_LIBRARY = "libc++";
				CLANG_ENABLE_MODULES = YES;
				CLANG_ENABLE_OBJC_ARC = YES;
				CLANG_ENABLE_OBJC_WEAK = YES;
				CLANG_WARN_BLOCK_CAPTURE_AUTORELEASING = YES;
				CLANG_WARN_BOOL_CONVERSION = YES;
				CLANG_WARN_COMMA = YES;
				CLANG_WARN_CONSTANT_CONVERSION = YES;
				CLANG_WARN_DEPRECATED_OBJC_IMPLEMENTATIONS = YES;
				CLANG_WARN_DIRECT_OBJC_ISA_USAGE = YES_ERROR;
				CLANG_WARN_DOCUMENTATION_COMMENTS = YES;
				CLANG_WARN_EMPTY_BODY = YES;
				CLANG_WARN_ENUM_CONVERSION = YES;
				CLANG_WARN_INFINITE_RECURSION = YES;
				CLANG_WARN_INT_CONVERSION = YES;
				CLANG_WARN_NON_LITERAL_NULL_CONVERSION = YES;
				CLANG_WARN_OBJC_IMPLICIT_RETAIN_SELF = YES;
				CLANG_WARN_OBJC_LITERAL_CONVERSION = YES;
				CLANG_WARN_OBJC_ROOT_CLASS = YES_ERROR;
				CLANG_WARN_RANGE_LOOP_ANALYSIS = YES;
				CLANG_WARN_STRICT_PROTOTYPES = YES;
				CLANG_WARN_SUSPICIOUS_MOVE = YES;
				CLANG_WARN_UNGUARDED_AVAILABILITY = YES_AGGRESSIVE;
				CLANG_WARN_UNREACHABLE_CODE = YES;
				CLANG_WARN__DUPLICATE_METHOD_MATCH = YES;
				CODE_SIGN_IDENTITY = "iPhone Developer";
				COPY_PHASE_STRIP = NO;
				DEBUG_INFORMATION_FORMAT = dwarf;
				ENABLE_STRICT_OBJC_MSGSEND = YES;
				ENABLE_TESTABILITY = YES;
				GCC_C_LANGUAGE_STANDARD = gnu11;
				GCC_DYNAMIC_NO_PIC = NO;
				GCC_NO_COMMON_BLOCKS = YES;
				GCC_OPTIMIZATION_LEVEL = 0;
				GCC_PREPROCESSOR_DEFINITIONS = (
					"DEBUG=1",
					"$(inherited)",
				);
				GCC_WARN_64_TO_32_BIT_CONVERSION = YES;
				GCC_WARN_ABOUT_RETURN_TYPE = YES_ERROR;
				GCC_WARN_UNDECLARED_SELECTOR = YES;
				GCC_WARN_UNINITIALIZED_AUTOS = YES_AGGRESSIVE;
				GCC_WARN_UNUSED_FUNCTION = YES;
				GCC_WARN_UNUSED_VARIABLE = YES;
				IPHONEOS_DEPLOYMENT_TARGET = 11.4;
				MTL_ENABLE_DEBUG_INFO = YES;
				ONLY_ACTIVE_ARCH = YES;
				SDKROOT = iphoneos;
				SWIFT_ACTIVE_COMPILATION_CONDITIONS = DEBUG;
				SWIFT_OPTIMIZATION_LEVEL = "-Onone";
			};
			name = Debug;
		};
		3D22CAC72554D81C00F60912 /* Release */ = {
			isa = XCBuildConfiguration;
			buildSettings = {
				ALWAYS_SEARCH_USER_PATHS = NO;
				CLANG_ANALYZER_NONNULL = YES;
				CLANG_ANALYZER_NUMBER_OBJECT_CONVERSION = YES_AGGRESSIVE;
				CLANG_CXX_LANGUAGE_STANDARD = "gnu++14";
				CLANG_CXX_LIBRARY = "libc++";
				CLANG_ENABLE_MODULES = YES;
				CLANG_ENABLE_OBJC_ARC = YES;
				CLANG_ENABLE_OBJC_WEAK = YES;
				CLANG_WARN_BLOCK_CAPTURE_AUTORELEASING = YES;
				CLANG_WARN_BOOL_CONVERSION = YES;
				CLANG_WARN_COMMA = YES;
				CLANG_WARN_CONSTANT_CONVERSION = YES;
				CLANG_WARN_DEPRECATED_OBJC_IMPLEMENTATIONS = YES;
				CLANG_WARN_DIRECT_OBJC_ISA_USAGE = YES_ERROR;
				CLANG_WARN_DOCUMENTATION_COMMENTS = YES;
				CLANG_WARN_EMPTY_BODY = YES;
				CLANG_WARN_ENUM_CONVERSION = YES;
				CLANG_WARN_INFINITE_RECURSION = YES;
				CLANG_WARN_INT_CONVERSION = YES;
				CLANG_WARN_NON_LITERAL_NULL_CONVERSION = YES;
				CLANG_WARN_OBJC_IMPLICIT_RETAIN_SELF = YES;
				CLANG_WARN_OBJC_LITERAL_CONVERSION = YES;
				CLANG_WARN_OBJC_ROOT_CLASS = YES_ERROR;
				CLANG_WARN_RANGE_LOOP_ANALYSIS = YES;
				CLANG_WARN_STRICT_PROTOTYPES = YES;
				CLANG_WARN_SUSPICIOUS_MOVE = YES;
				CLANG_WARN_UNGUARDED_AVAILABILITY = YES_AGGRESSIVE;
				CLANG_WARN_UNREACHABLE_CODE = YES;
				CLANG_WARN__DUPLICATE_METHOD_MATCH = YES;
				CODE_SIGN_IDENTITY = "iPhone Developer";
				COPY_PHASE_STRIP = NO;
				DEBUG_INFORMATION_FORMAT = "dwarf-with-dsym";
				ENABLE_NS_ASSERTIONS = NO;
				ENABLE_STRICT_OBJC_MSGSEND = YES;
				GCC_C_LANGUAGE_STANDARD = gnu11;
				GCC_NO_COMMON_BLOCKS = YES;
				GCC_WARN_64_TO_32_BIT_CONVERSION = YES;
				GCC_WARN_ABOUT_RETURN_TYPE = YES_ERROR;
				GCC_WARN_UNDECLARED_SELECTOR = YES;
				GCC_WARN_UNINITIALIZED_AUTOS = YES_AGGRESSIVE;
				GCC_WARN_UNUSED_FUNCTION = YES;
				GCC_WARN_UNUSED_VARIABLE = YES;
				IPHONEOS_DEPLOYMENT_TARGET = 11.4;
				MTL_ENABLE_DEBUG_INFO = NO;
				SDKROOT = iphoneos;
				SWIFT_COMPILATION_MODE = wholemodule;
				SWIFT_OPTIMIZATION_LEVEL = "-O";
				VALIDATE_PRODUCT = YES;
			};
			name = Release;
		};
		3D22CAC92554D81C00F60912 /* Debug */ = {
			isa = XCBuildConfiguration;
			buildSettings = {
				ASSETCATALOG_COMPILER_APPICON_NAME = AppIcon;
				CODE_SIGN_STYLE = Automatic;
				INFOPLIST_FILE = LayoutTableview/Info.plist;
				LD_RUNPATH_SEARCH_PATHS = (
					"$(inherited)",
					"@executable_path/Frameworks",
				);
				PRODUCT_BUNDLE_IDENTIFIER = edu.ulsa.LayoutTableview;
				PRODUCT_NAME = "$(TARGET_NAME)";
				SWIFT_VERSION = 4.0;
				TARGETED_DEVICE_FAMILY = "1,2";
			};
			name = Debug;
		};
		3D22CACA2554D81C00F60912 /* Release */ = {
			isa = XCBuildConfiguration;
			buildSettings = {
				ASSETCATALOG_COMPILER_APPICON_NAME = AppIcon;
				CODE_SIGN_STYLE = Automatic;
				INFOPLIST_FILE = LayoutTableview/Info.plist;
				LD_RUNPATH_SEARCH_PATHS = (
					"$(inherited)",
					"@executable_path/Frameworks",
				);
				PRODUCT_BUNDLE_IDENTIFIER = edu.ulsa.LayoutTableview;
				PRODUCT_NAME = "$(TARGET_NAME)";
				SWIFT_VERSION = 4.0;
				TARGETED_DEVICE_FAMILY = "1,2";
			};
			name = Release;
		};
/* End XCBuildConfiguration section */

/* Begin XCConfigurationList section */
		3D22CAB12554D81B00F60912 /* Build configuration list for PBXProject "LayoutTableview" */ = {
			isa = XCConfigurationList;
			buildConfigurations = (
				3D22CAC62554D81C00F60912 /* Debug */,
				3D22CAC72554D81C00F60912 /* Release */,
			);
			defaultConfigurationIsVisible = 0;
			defaultConfigurationName = Release;
		};
		3D22CAC82554D81C00F60912 /* Build configuration list for PBXNativeTarget "LayoutTableview" */ = {
			isa = XCConfigurationList;
			buildConfigurations = (
				3D22CAC92554D81C00F60912 /* Debug */,
				3D22CACA2554D81C00F60912 /* Release */,
			);
			defaultConfigurationIsVisible = 0;
			defaultConfigurationName = Release;
		};
/* End XCConfigurationList section */
	};
	rootObject = 3D22CAAE2554D81B00F60912 /* Project object */;
}
